
Microsoft Visual Studio Solution File, Format Version 12.00
# Visual Studio Version 16
VisualStudioVersion = 16.0.31729.503
MinimumVisualStudioVersion = 10.0.40219.1
Project("{FAE04EC0-301F-11D3-BF4B-00C04F79EFBC}") = "OOP_Projekt2_NikitaSkakun58524", "OOP_Projekt2_NikitaSkakun58524\OOP_Projekt2_NikitaSkakun58524.csproj", "{9695C039-2C8E-4AFE-BA80-197208A10444}"
EndProject
Global
	GlobalSection(SolutionConfigurationPlatforms) = preSolution
		Debug|Any CPU = Debug|Any CPU
		Release|Any CPU = Release|Any CPU
	EndGlobalSection
	GlobalSection(ProjectConfigurationPlatforms) = postSolution
		{9695C039-2C8E-4AFE-BA80-197208A10444}.Debug|Any CPU.ActiveCfg = Debug|Any CPU
		{9695C039-2C8E-4AFE-BA80-197208A10444}.Debug|Any CPU.Build.0 = Debug|Any CPU
		{9695C039-2C8E-4AFE-BA80-197208A10444}.Release|Any CPU.ActiveCfg = Release|Any CPU
		{9695C039-2C8E-4AFE-BA80-197208A10444}.Release|Any CPU.Build.0 = Release|Any CPU
	EndGlobalSection
	GlobalSection(SolutionProperties) = preSolution
		HideSolutionNode = FALSE
	EndGlobalSection
	GlobalSection(ExtensibilityGlobals) = postSolution
		SolutionGuid = {A3D6C93E-7578-4A1A-B741-546DE08CC878}
	EndGlobalSection
EndGlobal
